
Microsoft Visual Studio Solution File, Format Version 12.00
# Visual Studio Version 17
VisualStudioVersion = 17.9.34414.90
MinimumVisualStudioVersion = 10.0.40219.1
Project("{FAE04EC0-301F-11D3-BF4B-00C04F79EFBC}") = "JobTrackerAPI", "JobTrackerAPI\JobTrackerAPI.csproj", "{FF96F61C-DD1E-4610-AEEE-5194A24E0278}"
EndProject
Global
	GlobalSection(SolutionConfigurationPlatforms) = preSolution
		Debug|Any CPU = Debug|Any CPU
		Release|Any CPU = Release|Any CPU
	EndGlobalSection
	GlobalSection(ProjectConfigurationPlatforms) = postSolution
		{FF96F61C-DD1E-4610-AEEE-5194A24E0278}.Debug|Any CPU.ActiveCfg = Debug|Any CPU
		{FF96F61C-DD1E-4610-AEEE-5194A24E0278}.Debug|Any CPU.Build.0 = Debug|Any CPU
		{FF96F61C-DD1E-4610-AEEE-5194A24E0278}.Release|Any CPU.ActiveCfg = Release|Any CPU
		{FF96F61C-DD1E-4610-AEEE-5194A24E0278}.Release|Any CPU.Build.0 = Release|Any CPU
	EndGlobalSection
	GlobalSection(SolutionProperties) = preSolution
		HideSolutionNode = FALSE
	EndGlobalSection
	GlobalSection(ExtensibilityGlobals) = postSolution
		SolutionGuid = {7E48601E-53B5-463C-8C8E-B9D090C37C55}
	EndGlobalSection
EndGlobal
